Microsoft Visual Studio Solution File, Format Version 11.00
# Visual Studio 2008

Project("{B48D531C-EA0E-DE30-01AD-7EC6893189BE}") = "TimeBubble", "Assembly-CSharp.csproj", "{EDE62BC2-1580-2E10-4BD7-9D576443B832}"
EndProject
Global
	GlobalSection(SolutionConfigurationPlatforms) = preSolution
		Debug|Any CPU = Debug|Any CPU
		Release|Any CPU = Release|Any CPU
	EndGlobalSection
	GlobalSection(ProjectConfigurationPlatforms) = postSolution
		{EDE62BC2-1580-2E10-4BD7-9D576443B832}.Debug|Any CPU.ActiveCfg = Debug|Any CPU
		{EDE62BC2-1580-2E10-4BD7-9D576443B832}.Debug|Any CPU.Build.0 = Debug|Any CPU
		{EDE62BC2-1580-2E10-4BD7-9D576443B832}.Release|Any CPU.ActiveCfg = Release|Any CPU
		{EDE62BC2-1580-2E10-4BD7-9D576443B832}.Release|Any CPU.Build.0 = Release|Any CPU
	EndGlobalSection
	GlobalSection(SolutionProperties) = preSolution
		HideSolutionNode = FALSE
	EndGlobalSection
	GlobalSection(MonoDevelopProperties) = preSolution
		StartupItem = Assembly-CSharp.csproj
	EndGlobalSection
EndGlobal
